<?xml version="1.0" encoding="UTF-8" standalone="yes" ?>
<CodeBlocks_project_file>
	<FileVersion major="1" minor="6" />
	<Project>
		<Option title="SDLApples" />
		<Option pch_mode="2" />
		<Option compiler="gcc" />
		<Option show_notes="0">
			<notes>
				<![CDATA[- Спросить на SO про CTRL+A в CodeBlocks
- Спросить на SO про CTRL+C / CTRL+V
- Спросить на SO про CTRL+X  (ВАЖНО!)
- Узнать про переопределение виртуальных функций (что такое virtual)
- Узнать откуда брать плагины для CodeBlocks
- Узнать, как писать плагины для CodeBlocks
- Узнать, как добавить папку как директорию для ресурсов, а не для исходного кода?
- Как пользоваться объектами, прибегая к конструктору, не пользуясь указателем? А-ля:
(да!)Animation anim = new Animation();
	 anim.draw();
(нет!)Animation * anim = new Animation();
	   anim->suck();
- Как заставить работать бесполезный автокомплит - он хуже, чем в notepad++, хотя это даже не среда разработки]]>
			</notes>
		</Option>
		<Build>
			<Target title="Debug">
				<Option output="bin/Debug/SDLApples" prefix_auto="1" extension_auto="1" />
				<Option object_output="obj/Debug/" />
				<Option type="1" />
				<Option compiler="gcc" />
				<Compiler>
					<Add option="-g" />
					<Add directory="../../../libs/include" />
					<Add directory="../../../libs/build" />
					<Add directory="include" />
					<Add directory="src" />
					<Add directory="engine/include" />
				</Compiler>
				<Linker>
					<Add directory="../../../libs/include" />
					<Add directory="../../../libs/build" />
				</Linker>
			</Target>
			<Target title="Release">
				<Option output="bin/Release/SDLApples" prefix_auto="1" extension_auto="1" />
				<Option object_output="obj/Release/" />
				<Option type="0" />
				<Option compiler="gcc" />
				<Compiler>
					<Add option="-O2" />
					<Add directory="include" />
					<Add directory="src" />
					<Add directory="engine/include" />
				</Compiler>
				<Linker>
					<Add option="-s" />
				</Linker>
			</Target>
		</Build>
		<Compiler>
			<Add option="-Wall" />
			<Add option="`sdl-config --cflags`" />
		</Compiler>
		<Linker>
			<Add option="`sdl-config --libs` -l SDL_draw -l SDL_ttf -l SDL_image" />
		</Linker>
		<Unit filename="engine/include/Animation.h" />
		<Unit filename="engine/include/Body2D.h" />
		<Unit filename="engine/include/Vector2D.h" />
		<Unit filename="engine/include/World.h" />
		<Unit filename="engine/src/Body2D.cpp" />
		<Unit filename="engine/src/World.cpp" />
		<Unit filename="res/apple.bmp" />
		<Unit filename="res/hg1.bmp" />
		<Unit filename="res/hg2.bmp" />
		<Unit filename="res/hg3.bmp" />
		<Unit filename="src/Apple.cpp" />
		<Unit filename="src/Hedgehog.cpp" />
		<Unit filename="src/main.cpp" />
		<Unit filename="tests/AnimationTest.cpp" />
		<Extensions>
			<code_completion />
			<debugger />
		</Extensions>
	</Project>
</CodeBlocks_project_file>
